{
  "requires": true,
  "lockfileVersion": 1,
  "dependencies": {
    "@vue/cli-plugin-vuex": {
      "version": "4.1.2",
      "resolved": "https://registry.npmjs.org/@vue/cli-plugin-vuex/-/cli-plugin-vuex-4.1.2.tgz",
      "integrity": "sha512-qsf8sfUUtTuFf24iB6vbdapvCTCt4FqLj7r66POutGWmBCTlPHsMaAXMaD2ZD53/hqr8QHd/557IUensSwj5wA=="
    },
    "package": {
      "version": "1.0.1",
      "resolved": "https://registry.npmjs.org/package/-/package-1.0.1.tgz",
      "integrity": "sha1-0lofmeJQbcsn1nBLg9yooxLk7cw="
    },
    "vue": {
      "version": "2.6.11",
      "resolved": "https://registry.npmjs.org/vue/-/vue-2.6.11.tgz",
      "integrity": "sha512-VfPwgcGABbGAue9+sfrD4PuwFar7gPb1yl1UK1MwXoQPAw0BKSqWfoYCT/ThFrdEVWoI51dBuyCoiNU9bZDZxQ=="
    }
  }
}
